%{"ex_doc": {:git, "git://github.com/elixir-lang/ex_doc.git", "c4463b3857c0872512b15b7ad8369f0174f4d18f", []},
  "hackney": {:hex, :hackney, "1.0.6"},
  "httpoison": {:hex, :httpoison, "0.6.0"},
  "idna": {:hex, :idna, "1.0.2"},
  "jsx": {:hex, :jsx, "2.4.0"},
  "ssl_verify_hostname": {:hex, :ssl_verify_hostname, "1.0.1"}}
